// !$*UTF8*$!
{
	archiveVersion = 1;
	classes = {
	};
	objectVersion = 50;
	objects = {

/* Begin PBXBuildFile section */
		261A66AF20E397FE0020DFA1 /* AppDelegate.swift in Sources */ = {isa = PBXBuildFile; fileRef = 261A66AE20E397FE0020DFA1 /* AppDelegate.swift */; };
		261A66B120E397FE0020DFA1 /* ViewController.swift in Sources */ = {isa = PBXBuildFile; fileRef = 261A66B020E397FE0020DFA1 /* ViewController.swift */; };
		261A66B420E397FE0020DFA1 /* Main.storyboard in Resources */ = {isa = PBXBuildFile; fileRef = 261A66B220E397FE0020DFA1 /* Main.storyboard */; };
		261A66B620E397FF0020DFA1 /* Assets.xcassets in Resources */ = {isa = PBXBuildFile; fileRef = 261A66B520E397FF0020DFA1 /* Assets.xcassets */; };
		261A66B920E397FF0020DFA1 /* LaunchScreen.storyboard in Resources */ = {isa = PBXBuildFile; fileRef = 261A66B720E397FF0020DFA1 /* LaunchScreen.storyboard */; };
		261A66C120E398290020DFA1 /* XMLParser.swift in Sources */ = {isa = PBXBuildFile; fileRef = 261A66C020E398290020DFA1 /* XMLParser.swift */; };
		261A66C320E3A3140020DFA1 /* TableViewCell.swift in Sources */ = {isa = PBXBuildFile; fileRef = 261A66C220E3A3140020DFA1 /* TableViewCell.swift */; };
		261A66C520E4D4FA0020DFA1 /* DetailViewController.swift in Sources */ = {isa = PBXBuildFile; fileRef = 261A66C420E4D4FA0020DFA1 /* DetailViewController.swift */; };
/* End PBXBuildFile section */

/* Begin PBXFileReference section */
		261A66AB20E397FE0020DFA1 /* BGTArbetsprov.app */ = {isa = PBXFileReference; explicitFileType = wrapper.application; includeInIndex = 0; path = BGTArbetsprov.app; sourceTree = BUILT_PRODUCTS_DIR; };
		261A66AE20E397FE0020DFA1 /* AppDelegate.swift */ = {isa = PBXFileReference; lastKnownFileType = sourcecode.swift; path = AppDelegate.swift; sourceTree = "<group>"; };
		261A66B020E397FE0020DFA1 /* ViewController.swift */ = {isa = PBXFileReference; lastKnownFileType = sourcecode.swift; path = ViewController.swift; sourceTree = "<group>"; };
		261A66B320E397FE0020DFA1 /* Base */ = {isa = PBXFileReference; lastKnownFileType = file.storyboard; name = Base; path = Base.lproj/Main.storyboard; sourceTree = "<group>"; };
		261A66B520E397FF0020DFA1 /* Assets.xcassets */ = {isa = PBXFileReference; lastKnownFileType = folder.assetcatalog; path = Assets.xcassets; sourceTree = "<group>"; };
		261A66B820E397FF0020DFA1 /* Base */ = {isa = PBXFileReference; lastKnownFileType = file.storyboard; name = Base; path = Base.lproj/LaunchScreen.storyboard; sourceTree = "<group>"; };
		261A66BA20E397FF0020DFA1 /* Info.plist */ = {isa = PBXFileReference; lastKnownFileType = text.plist.xml; path = Info.plist; sourceTree = "<group>"; };
		261A66C020E398290020DFA1 /* XMLParser.swift */ = {isa = PBXFileReference; lastKnownFileType = sourcecode.swift; path = XMLParser.swift; sourceTree = "<group>"; };
		261A66C220E3A3140020DFA1 /* TableViewCell.swift */ = {isa = PBXFileReference; lastKnownFileType = sourcecode.swift; path = TableViewCell.swift; sourceTree = "<group>"; };
		261A66C420E4D4FA0020DFA1 /* DetailViewController.swift */ = {isa = PBXFileReference; lastKnownFileType = sourcecode.swift; path = DetailViewController.swift; sourceTree = "<group>"; };
/* End PBXFileReference section */

/* Begin PBXFrameworksBuildPhase section */
		261A66A820E397FE0020DFA1 /* Frameworks */ = {
			isa = PBXFrameworksBuildPhase;
			buildActionMask = 2147483647;
			files = (
			);
			runOnlyForDeploymentPostprocessing = 0;
		};
/* End PBXFrameworksBuildPhase section */

/* Begin PBXGroup section */
		261A66A220E397FE0020DFA1 = {
			isa = PBXGroup;
			children = (
				261A66AD20E397FE0020DFA1 /* BGTArbetsprov */,
				261A66AC20E397FE0020DFA1 /* Products */,
			);
			sourceTree = "<group>";
		};
		261A66AC20E397FE0020DFA1 /* Products */ = {
			isa = PBXGroup;
			children = (
				261A66AB20E397FE0020DFA1 /* BGTArbetsprov.app */,
			);
			name = Products;
			sourceTree = "<group>";
		};
		261A66AD20E397FE0020DFA1 /* BGTArbetsprov */ = {
			isa = PBXGroup;
			children = (
				261A66AE20E397FE0020DFA1 /* AppDelegate.swift */,
				261A66B020E397FE0020DFA1 /* ViewController.swift */,
				261A66C420E4D4FA0020DFA1 /* DetailViewController.swift */,
				261A66C220E3A3140020DFA1 /* TableViewCell.swift */,
				261A66C020E398290020DFA1 /* XMLParser.swift */,
				261A66B220E397FE0020DFA1 /* Main.storyboard */,
				261A66B520E397FF0020DFA1 /* Assets.xcassets */,
				261A66B720E397FF0020DFA1 /* LaunchScreen.storyboard */,
				261A66BA20E397FF0020DFA1 /* Info.plist */,
			);
			path = BGTArbetsprov;
			sourceTree = "<group>";
		};
/* End PBXGroup section */

/* Begin PBXNativeTarget section */
		261A66AA20E397FE0020DFA1 /* BGTArbetsprov */ = {
			isa = PBXNativeTarget;
			buildConfigurationList = 261A66BD20E397FF0020DFA1 /* Build configuration list for PBXNativeTarget "BGTArbetsprov" */;
			buildPhases = (
				261A66A720E397FE0020DFA1 /* Sources */,
				261A66A820E397FE0020DFA1 /* Frameworks */,
				261A66A920E397FE0020DFA1 /* Resources */,
			);
			buildRules = (
			);
			dependencies = (
			);
			name = BGTArbetsprov;
			productName = BGTArbetsprov;
			productReference = 261A66AB20E397FE0020DFA1 /* BGTArbetsprov.app */;
			productType = "com.apple.product-type.application";
		};
/* End PBXNativeTarget section */

/* Begin PBXProject section */
		261A66A320E397FE0020DFA1 /* Project object */ = {
			isa = PBXProject;
			attributes = {
				LastSwiftUpdateCheck = 0940;
				LastUpgradeCheck = 0940;
				ORGANIZATIONNAME = "Daniel T. Barwén";
				TargetAttributes = {
					261A66AA20E397FE0020DFA1 = {
						CreatedOnToolsVersion = 9.4.1;
					};
				};
			};
			buildConfigurationList = 261A66A620E397FE0020DFA1 /* Build configuration list for PBXProject "BGTArbetsprov" */;
			compatibilityVersion = "Xcode 9.3";
			developmentRegion = en;
			hasScannedForEncodings = 0;
			knownRegions = (
				en,
				Base,
			);
			mainGroup = 261A66A220E397FE0020DFA1;
			productRefGroup = 261A66AC20E397FE0020DFA1 /* Products */;
			projectDirPath = "";
			projectRoot = "";
			targets = (
				261A66AA20E397FE0020DFA1 /* BGTArbetsprov */,
			);
		};
/* End PBXProject section */

/* Begin PBXResourcesBuildPhase section */
		261A66A920E397FE0020DFA1 /* Resources */ = {
			isa = PBXResourcesBuildPhase;
			buildActionMask = 2147483647;
			files = (
				261A66B920E397FF0020DFA1 /* LaunchScreen.storyboard in Resources */,
				261A66B620E397FF0020DFA1 /* Assets.xcassets in Resources */,
				261A66B420E397FE0020DFA1 /* Main.storyboard in Resources */,
			);
			runOnlyForDeploymentPostprocessing = 0;
		};
/* End PBXResourcesBuildPhase section */

/* Begin PBXSourcesBuildPhase section */
		261A66A720E397FE0020DFA1 /* Sources */ = {
			isa = PBXSourcesBuildPhase;
			buildActionMask = 2147483647;
			files = (
				261A66B120E397FE0020DFA1 /* ViewController.swift in Sources */,
				261A66C320E3A3140020DFA1 /* TableViewCell.swift in Sources */,
				261A66C520E4D4FA0020DFA1 /* DetailViewController.swift in Sources */,
				261A66AF20E397FE0020DFA1 /* AppDelegate.swift in Sources */,
				261A66C120E398290020DFA1 /* XMLParser.swift in Sources */,
			);
			runOnlyForDeploymentPostprocessing = 0;
		};
/* End PBXSourcesBuildPhase section */

/* Begin PBXVariantGroup section */
		261A66B220E397FE0020DFA1 /* Main.storyboard */ = {
			isa = PBXVariantGroup;
			children = (
				261A66B320E397FE0020DFA1 /* Base */,
			);
			name = Main.storyboard;
			sourceTree = "<group>";
		};
		261A66B720E397FF0020DFA1 /* LaunchScreen.storyboard */ = {
			isa = PBXVariantGroup;
			children = (
				261A66B820E397FF0020DFA1 /* Base */,
			);
			name = LaunchScreen.storyboard;
			sourceTree = "<group>";
		};
/* End PBXVariantGroup section */

/* Begin XCBuildConfiguration section */
		261A66BB20E397FF0020DFA1 /* Debug */ = {
			isa = XCBuildConfiguration;
			buildSettings = {
				ALWAYS_SEARCH_USER_PATHS = NO;
				CLANG_ANALYZER_NONNULL = YES;
				CLANG_ANALYZER_NUMBER_OBJECT_CONVERSION = YES_AGGRESSIVE;
				CLANG_CXX_LANGUAGE_STANDARD = "gnu++14";
				CLANG_CXX_LIBRARY = "libc++";
				CLANG_ENABLE_MODULES = YES;
				CLANG_ENABLE_OBJC_ARC = YES;
				CLANG_ENABLE_OBJC_WEAK = YES;
				CLANG_WARN_BLOCK_CAPTURE_AUTORELEASING = YES;
				CLANG_WARN_BOOL_CONVERSION = YES;
				CLANG_WARN_COMMA = YES;
				CLANG_WARN_CONSTANT_CONVERSION = YES;
				CLANG_WARN_DEPRECATED_OBJC_IMPLEMENTATIONS = YES;
				CLANG_WARN_DIRECT_OBJC_ISA_USAGE = YES_ERROR;
				CLANG_WARN_DOCUMENTATION_COMMENTS = YES;
				CLANG_WARN_EMPTY_BODY = YES;
				CLANG_WARN_ENUM_CONVERSION = YES;
				CLANG_WARN_INFINITE_RECURSION = YES;
				CLANG_WARN_INT_CONVERSION = YES;
				CLANG_WARN_NON_LITERAL_NULL_CONVERSION = YES;
				CLANG_WARN_OBJC_IMPLICIT_RETAIN_SELF = YES;
				CLANG_WARN_OBJC_LITERAL_CONVERSION = YES;
				CLANG_WARN_OBJC_ROOT_CLASS = YES_ERROR;
				CLANG_WARN_RANGE_LOOP_ANALYSIS = YES;
				CLANG_WARN_STRICT_PROTOTYPES = YES;
				CLANG_WARN_SUSPICIOUS_MOVE = YES;
				CLANG_WARN_UNGUARDED_AVAILABILITY = YES_AGGRESSIVE;
				CLANG_WARN_UNREACHABLE_CODE = YES;
				CLANG_WARN__DUPLICATE_METHOD_MATCH = YES;
				CODE_SIGN_IDENTITY = "iPhone Developer";
				COPY_PHASE_STRIP = NO;
				DEBUG_INFORMATION_FORMAT = dwarf;
				ENABLE_STRICT_OBJC_MSGSEND = YES;
				ENABLE_TESTABILITY = YES;
				GCC_C_LANGUAGE_STANDARD = gnu11;
				GCC_DYNAMIC_NO_PIC = NO;
				GCC_NO_COMMON_BLOCKS = YES;
				GCC_OPTIMIZATION_LEVEL = 0;
				GCC_PREPROCESSOR_DEFINITIONS = (
					"DEBUG=1",
					"$(inherited)",
				);
				GCC_WARN_64_TO_32_BIT_CONVERSION = YES;
				GCC_WARN_ABOUT_RETURN_TYPE = YES_ERROR;
				GCC_WARN_UNDECLARED_SELECTOR = YES;
				GCC_WARN_UNINITIALIZED_AUTOS = YES_AGGRESSIVE;
				GCC_WARN_UNUSED_FUNCTION = YES;
				GCC_WARN_UNUSED_VARIABLE = YES;
				IPHONEOS_DEPLOYMENT_TARGET = 11.4;
				MTL_ENABLE_DEBUG_INFO = YES;
				ONLY_ACTIVE_ARCH = YES;
				SDKROOT = iphoneos;
				SWIFT_ACTIVE_COMPILATION_CONDITIONS = DEBUG;
				SWIFT_OPTIMIZATION_LEVEL = "-Onone";
			};
			name = Debug;
		};
		261A66BC20E397FF0020DFA1 /* Release */ = {
			isa = XCBuildConfiguration;
			buildSettings = {
				ALWAYS_SEARCH_USER_PATHS = NO;
				CLANG_ANALYZER_NONNULL = YES;
				CLANG_ANALYZER_NUMBER_OBJECT_CONVERSION = YES_AGGRESSIVE;
				CLANG_CXX_LANGUAGE_STANDARD = "gnu++14";
				CLANG_CXX_LIBRARY = "libc++";
				CLANG_ENABLE_MODULES = YES;
				CLANG_ENABLE_OBJC_ARC = YES;
				CLANG_ENABLE_OBJC_WEAK = YES;
				CLANG_WARN_BLOCK_CAPTURE_AUTORELEASING = YES;
				CLANG_WARN_BOOL_CONVERSION = YES;
				CLANG_WARN_COMMA = YES;
				CLANG_WARN_CONSTANT_CONVERSION = YES;
				CLANG_WARN_DEPRECATED_OBJC_IMPLEMENTATIONS = YES;
				CLANG_WARN_DIRECT_OBJC_ISA_USAGE = YES_ERROR;
				CLANG_WARN_DOCUMENTATION_COMMENTS = YES;
				CLANG_WARN_EMPTY_BODY = YES;
				CLANG_WARN_ENUM_CONVERSION = YES;
				CLANG_WARN_INFINITE_RECURSION = YES;
				CLANG_WARN_INT_CONVERSION = YES;
				CLANG_WARN_NON_LITERAL_NULL_CONVERSION = YES;
				CLANG_WARN_OBJC_IMPLICIT_RETAIN_SELF = YES;
				CLANG_WARN_OBJC_LITERAL_CONVERSION = YES;
				CLANG_WARN_OBJC_ROOT_CLASS = YES_ERROR;
				CLANG_WARN_RANGE_LOOP_ANALYSIS = YES;
				CLANG_WARN_STRICT_PROTOTYPES = YES;
				CLANG_WARN_SUSPICIOUS_MOVE = YES;
				CLANG_WARN_UNGUARDED_AVAILABILITY = YES_AGGRESSIVE;
				CLANG_WARN_UNREACHABLE_CODE = YES;
				CLANG_WARN__DUPLICATE_METHOD_MATCH = YES;
				CODE_SIGN_IDENTITY = "iPhone Developer";
				COPY_PHASE_STRIP = NO;
				DEBUG_INFORMATION_FORMAT = "dwarf-with-dsym";
				ENABLE_NS_ASSERTIONS = NO;
				ENABLE_STRICT_OBJC_MSGSEND = YES;
				GCC_C_LANGUAGE_STANDARD = gnu11;
				GCC_NO_COMMON_BLOCKS = YES;
				GCC_WARN_64_TO_32_BIT_CONVERSION = YES;
				GCC_WARN_ABOUT_RETURN_TYPE = YES_ERROR;
				GCC_WARN_UNDECLARED_SELECTOR = YES;
				GCC_WARN_UNINITIALIZED_AUTOS = YES_AGGRESSIVE;
				GCC_WARN_UNUSED_FUNCTION = YES;
				GCC_WARN_UNUSED_VARIABLE = YES;
				IPHONEOS_DEPLOYMENT_TARGET = 11.4;
				MTL_ENABLE_DEBUG_INFO = NO;
				SDKROOT = iphoneos;
				SWIFT_COMPILATION_MODE = wholemodule;
				SWIFT_OPTIMIZATION_LEVEL = "-O";
				VALIDATE_PRODUCT = YES;
			};
			name = Release;
		};
		261A66BE20E397FF0020DFA1 /* Debug */ = {
			isa = XCBuildConfiguration;
			buildSettings = {
				ASSETCATALOG_COMPILER_APPICON_NAME = AppIcon;
				CODE_SIGN_STYLE = Automatic;
				DEVELOPMENT_TEAM = 7QWGSR322M;
				INFOPLIST_FILE = BGTArbetsprov/Info.plist;
				LD_RUNPATH_SEARCH_PATHS = (
					"$(inherited)",
					"@executable_path/Frameworks",
				);
				PRODUCT_BUNDLE_IDENTIFIER = lllk.BGTArbetsprov;
				PRODUCT_NAME = "$(TARGET_NAME)";
				SWIFT_VERSION = 4.0;
				TARGETED_DEVICE_FAMILY = "1,2";
			};
			name = Debug;
		};
		261A66BF20E397FF0020DFA1 /* Release */ = {
			isa = XCBuildConfiguration;
			buildSettings = {
				ASSETCATALOG_COMPILER_APPICON_NAME = AppIcon;
				CODE_SIGN_STYLE = Automatic;
				DEVELOPMENT_TEAM = 7QWGSR322M;
				INFOPLIST_FILE = BGTArbetsprov/Info.plist;
				LD_RUNPATH_SEARCH_PATHS = (
					"$(inherited)",
					"@executable_path/Frameworks",
				);
				PRODUCT_BUNDLE_IDENTIFIER = lllk.BGTArbetsprov;
				PRODUCT_NAME = "$(TARGET_NAME)";
				SWIFT_VERSION = 4.0;
				TARGETED_DEVICE_FAMILY = "1,2";
			};
			name = Release;
		};
/* End XCBuildConfiguration section */

/* Begin XCConfigurationList section */
		261A66A620E397FE0020DFA1 /* Build configuration list for PBXProject "BGTArbetsprov" */ = {
			isa = XCConfigurationList;
			buildConfigurations = (
				261A66BB20E397FF0020DFA1 /* Debug */,
				261A66BC20E397FF0020DFA1 /* Release */,
			);
			defaultConfigurationIsVisible = 0;
			defaultConfigurationName = Release;
		};
		261A66BD20E397FF0020DFA1 /* Build configuration list for PBXNativeTarget "BGTArbetsprov" */ = {
			isa = XCConfigurationList;
			buildConfigurations = (
				261A66BE20E397FF0020DFA1 /* Debug */,
				261A66BF20E397FF0020DFA1 /* Release */,
			);
			defaultConfigurationIsVisible = 0;
			defaultConfigurationName = Release;
		};
/* End XCConfigurationList section */
	};
	rootObject = 261A66A320E397FE0020DFA1 /* Project object */;
}
